
Microsoft Visual Studio Solution File, Format Version 12.00
# Visual Studio Version 16
VisualStudioVersion = 16.0.31402.337
MinimumVisualStudioVersion = 10.0.40219.1
Project("{FAE04EC0-301F-11D3-BF4B-00C04F79EFBC}") = "Monitoreo", "Monitoreo\Monitoreo.csproj", "{D62C5DAA-67E5-4E72-AC77-DA2FF60EBFB2}"
EndProject
Global
	GlobalSection(SolutionConfigurationPlatforms) = preSolution
		Debug|Any CPU = Debug|Any CPU
		Release|Any CPU = Release|Any CPU
	EndGlobalSection
	GlobalSection(ProjectConfigurationPlatforms) = postSolution
		{D62C5DAA-67E5-4E72-AC77-DA2FF60EBFB2}.Debug|Any CPU.ActiveCfg = Debug|Any CPU
		{D62C5DAA-67E5-4E72-AC77-DA2FF60EBFB2}.Debug|Any CPU.Build.0 = Debug|Any CPU
		{D62C5DAA-67E5-4E72-AC77-DA2FF60EBFB2}.Release|Any CPU.ActiveCfg = Release|Any CPU
		{D62C5DAA-67E5-4E72-AC77-DA2FF60EBFB2}.Release|Any CPU.Build.0 = Release|Any CPU
	EndGlobalSection
	GlobalSection(SolutionProperties) = preSolution
		HideSolutionNode = FALSE
	EndGlobalSection
	GlobalSection(ExtensibilityGlobals) = postSolution
		SolutionGuid = {3AFFEE96-6B85-4740-A278-FF06962FB058}
	EndGlobalSection
EndGlobal
